
Microsoft Visual Studio Solution File, Format Version 12.00
# Visual Studio 15
VisualStudioVersion = 15.0.27004.2009
MinimumVisualStudioVersion = 10.0.40219.1
Project("{FAE04EC0-301F-11D3-BF4B-00C04F79EFBC}") = "StarCraft.Web", "StarCraft.Web\StarCraft.Web.csproj", "{9DD69D83-98DF-4FBD-B38A-FF2F2EE2A942}"
EndProject
Project("{FAE04EC0-301F-11D3-BF4B-00C04F79EFBC}") = "StarCraft.Data", "StarCraft.Data\StarCraft.Data.csproj", "{1FAC7D79-DC5D-465B-B8ED-1386B23B4DD4}"
EndProject
Project("{FAE04EC0-301F-11D3-BF4B-00C04F79EFBC}") = "StarCraft.Services", "StarCraft.Services\StarCraft.Services.csproj", "{65555FC1-D75A-4E29-A8F6-CDA903DD0777}"
EndProject
Global
	GlobalSection(SolutionConfigurationPlatforms) = preSolution
		Debug|Any CPU = Debug|Any CPU
		Release|Any CPU = Release|Any CPU
	EndGlobalSection
	GlobalSection(ProjectConfigurationPlatforms) = postSolution
		{9DD69D83-98DF-4FBD-B38A-FF2F2EE2A942}.Debug|Any CPU.ActiveCfg = Debug|Any CPU
		{9DD69D83-98DF-4FBD-B38A-FF2F2EE2A942}.Debug|Any CPU.Build.0 = Debug|Any CPU
		{9DD69D83-98DF-4FBD-B38A-FF2F2EE2A942}.Release|Any CPU.ActiveCfg = Release|Any CPU
		{9DD69D83-98DF-4FBD-B38A-FF2F2EE2A942}.Release|Any CPU.Build.0 = Release|Any CPU
		{1FAC7D79-DC5D-465B-B8ED-1386B23B4DD4}.Debug|Any CPU.ActiveCfg = Debug|Any CPU
		{1FAC7D79-DC5D-465B-B8ED-1386B23B4DD4}.Debug|Any CPU.Build.0 = Debug|Any CPU
		{1FAC7D79-DC5D-465B-B8ED-1386B23B4DD4}.Release|Any CPU.ActiveCfg = Release|Any CPU
		{1FAC7D79-DC5D-465B-B8ED-1386B23B4DD4}.Release|Any CPU.Build.0 = Release|Any CPU
		{65555FC1-D75A-4E29-A8F6-CDA903DD0777}.Debug|Any CPU.ActiveCfg = Debug|Any CPU
		{65555FC1-D75A-4E29-A8F6-CDA903DD0777}.Debug|Any CPU.Build.0 = Debug|Any CPU
		{65555FC1-D75A-4E29-A8F6-CDA903DD0777}.Release|Any CPU.ActiveCfg = Release|Any CPU
		{65555FC1-D75A-4E29-A8F6-CDA903DD0777}.Release|Any CPU.Build.0 = Release|Any CPU
	EndGlobalSection
	GlobalSection(SolutionProperties) = preSolution
		HideSolutionNode = FALSE
	EndGlobalSection
	GlobalSection(ExtensibilityGlobals) = postSolution
		SolutionGuid = {54943ECD-2BC9-477F-8A4F-EDBBA74BBB6C}
	EndGlobalSection
EndGlobal
